Microsoft Visual Studio Solution File, Format Version 12.00
# Visual Studio Version 16
VisualStudioVersion = 16.0.30320.27
MinimumVisualStudioVersion = 10.0.40219.1
Project("{8BC9CEB8-8B4A-11D0-8D11-00A0C91BC942}") = "KKdLib", "src\KKdLib\KKdLib.vcxproj", "{65707AD3-568A-4FE9-A75E-BDBF3D5EFC88}"
EndProject
Project("{8BC9CEB8-8B4A-11D0-8D11-00A0C91BC942}") = "DivaGL", "src\DivaGL\DivaGL.vcxproj", "{4D949362-9095-4113-9423-7E0492618F16}"
	ProjectSection(ProjectDependencies) = postProject
		{65707AD3-568A-4FE9-A75E-BDBF3D5EFC88} = {65707AD3-568A-4FE9-A75E-BDBF3D5EFC88}
	EndProjectSection
EndProject
Global
	GlobalSection(SolutionConfigurationPlatforms) = preSolution
		Debug|x64 = Debug|x64
		DebugDLL|x64 = DebugDLL|x64
		Release|x64 = Release|x64
		ReleaseDLL|x64 = ReleaseDLL|x64
	EndGlobalSection
	GlobalSection(ProjectConfigurationPlatforms) = postSolution
		{65707AD3-568A-4FE9-A75E-BDBF3D5EFC88}.Debug|x64.ActiveCfg = DebugOpt|x64
		{65707AD3-568A-4FE9-A75E-BDBF3D5EFC88}.Debug|x64.Build.0 = DebugOpt|x64
		{65707AD3-568A-4FE9-A75E-BDBF3D5EFC88}.DebugDLL|x64.ActiveCfg = DebugOpt|x64
		{65707AD3-568A-4FE9-A75E-BDBF3D5EFC88}.DebugDLL|x64.Build.0 = DebugOpt|x64
		{65707AD3-568A-4FE9-A75E-BDBF3D5EFC88}.Release|x64.ActiveCfg = Release|x64
		{65707AD3-568A-4FE9-A75E-BDBF3D5EFC88}.Release|x64.Build.0 = Release|x64
		{65707AD3-568A-4FE9-A75E-BDBF3D5EFC88}.ReleaseDLL|x64.ActiveCfg = Release|x64
		{65707AD3-568A-4FE9-A75E-BDBF3D5EFC88}.ReleaseDLL|x64.Build.0 = Release|x64
		{4D949362-9095-4113-9423-7E0492618F16}.Debug|x64.ActiveCfg = Debug|x64
		{4D949362-9095-4113-9423-7E0492618F16}.Debug|x64.Build.0 = Debug|x64
		{4D949362-9095-4113-9423-7E0492618F16}.DebugDLL|x64.ActiveCfg = DebugDLL|x64
		{4D949362-9095-4113-9423-7E0492618F16}.DebugDLL|x64.Build.0 = DebugDLL|x64
		{4D949362-9095-4113-9423-7E0492618F16}.Release|x64.ActiveCfg = Release|x64
		{4D949362-9095-4113-9423-7E0492618F16}.Release|x64.Build.0 = Release|x64
		{4D949362-9095-4113-9423-7E0492618F16}.ReleaseDLL|x64.ActiveCfg = ReleaseDLL|x64
		{4D949362-9095-4113-9423-7E0492618F16}.ReleaseDLL|x64.Build.0 = ReleaseDLL|x64
	EndGlobalSection
	GlobalSection(SolutionProperties) = preSolution
		HideSolutionNode = FALSE
	EndGlobalSection
	GlobalSection(ExtensibilityGlobals) = postSolution
		SolutionGuid = {90795F07-C3EF-4F00-A79A-0647DBB7117E}
	EndGlobalSection
EndGlobal
